// !$*UTF8*$!
{
	archiveVersion = 1;
	classes = {
	};
	objectVersion = 52;
	objects = {

/* Begin PBXBuildFile section */
		E658694823B3C7E000F440F9 /* GitHubAPIClient in Frameworks */ = {isa = PBXBuildFile; productRef = E658694723B3C7E000F440F9 /* GitHubAPIClient */; };
		E658694B23B3C80100F440F9 /* NewsAPIClient in Frameworks */ = {isa = PBXBuildFile; productRef = E658694A23B3C80100F440F9 /* NewsAPIClient */; };
		FA173AC123AB7F8500F6E73C /* AppDelegate.swift in Sources */ = {isa = PBXBuildFile; fileRef = FA173AC023AB7F8500F6E73C /* AppDelegate.swift */; };
		FA173AC323AB7F8500F6E73C /* SceneDelegate.swift in Sources */ = {isa = PBXBuildFile; fileRef = FA173AC223AB7F8500F6E73C /* SceneDelegate.swift */; };
		FA173AC523AB7F8500F6E73C /* ContentView.swift in Sources */ = {isa = PBXBuildFile; fileRef = FA173AC423AB7F8500F6E73C /* ContentView.swift */; };
		FA173AC723AB7F8800F6E73C /* Assets.xcassets in Resources */ = {isa = PBXBuildFile; fileRef = FA173AC623AB7F8800F6E73C /* Assets.xcassets */; };
		FA173ACA23AB7F8800F6E73C /* Preview Assets.xcassets in Resources */ = {isa = PBXBuildFile; fileRef = FA173AC923AB7F8800F6E73C /* Preview Assets.xcassets */; };
		FA173ACD23AB7F8800F6E73C /* LaunchScreen.storyboard in Resources */ = {isa = PBXBuildFile; fileRef = FA173ACB23AB7F8800F6E73C /* LaunchScreen.storyboard */; };
		FAFBC1E323ABC22A00D534A7 /* Histogram.swift in Sources */ = {isa = PBXBuildFile; fileRef = FAFBC1E223ABC22A00D534A7 /* Histogram.swift */; };
/* End PBXBuildFile section */

/* Begin PBXFileReference section */
		FA173ABD23AB7F8500F6E73C /* SegmentedControl.app */ = {isa = PBXFileReference; explicitFileType = wrapper.application; includeInIndex = 0; path = SegmentedControl.app; sourceTree = BUILT_PRODUCTS_DIR; };
		FA173AC023AB7F8500F6E73C /* AppDelegate.swift */ = {isa = PBXFileReference; lastKnownFileType = sourcecode.swift; path = AppDelegate.swift; sourceTree = "<group>"; };
		FA173AC223AB7F8500F6E73C /* SceneDelegate.swift */ = {isa = PBXFileReference; lastKnownFileType = sourcecode.swift; path = SceneDelegate.swift; sourceTree = "<group>"; };
		FA173AC423AB7F8500F6E73C /* ContentView.swift */ = {isa = PBXFileReference; lastKnownFileType = sourcecode.swift; path = ContentView.swift; sourceTree = "<group>"; };
		FA173AC623AB7F8800F6E73C /* Assets.xcassets */ = {isa = PBXFileReference; lastKnownFileType = folder.assetcatalog; path = Assets.xcassets; sourceTree = "<group>"; };
		FA173AC923AB7F8800F6E73C /* Preview Assets.xcassets */ = {isa = PBXFileReference; lastKnownFileType = folder.assetcatalog; path = "Preview Assets.xcassets"; sourceTree = "<group>"; };
		FA173ACC23AB7F8800F6E73C /* Base */ = {isa = PBXFileReference; lastKnownFileType = file.storyboard; name = Base; path = Base.lproj/LaunchScreen.storyboard; sourceTree = "<group>"; };
		FA173ACE23AB7F8800F6E73C /* Info.plist */ = {isa = PBXFileReference; lastKnownFileType = text.plist.xml; path = Info.plist; sourceTree = "<group>"; };
		FAFBC1E223ABC22A00D534A7 /* Histogram.swift */ = {isa = PBXFileReference; lastKnownFileType = sourcecode.swift; path = Histogram.swift; sourceTree = "<group>"; };
/* End PBXFileReference section */

/* Begin PBXFrameworksBuildPhase section */
		FA173ABA23AB7F8500F6E73C /* Frameworks */ = {
			isa = PBXFrameworksBuildPhase;
			buildActionMask = 2147483647;
			files = (
				E658694823B3C7E000F440F9 /* GitHubAPIClient in Frameworks */,
				E658694B23B3C80100F440F9 /* NewsAPIClient in Frameworks */,
			);
			runOnlyForDeploymentPostprocessing = 0;
		};
/* End PBXFrameworksBuildPhase section */

/* Begin PBXGroup section */
		FA173AB423AB7F8500F6E73C = {
			isa = PBXGroup;
			children = (
				FA173ABF23AB7F8500F6E73C /* SegmentedControl */,
				FA173ABE23AB7F8500F6E73C /* Products */,
			);
			sourceTree = "<group>";
		};
		FA173ABE23AB7F8500F6E73C /* Products */ = {
			isa = PBXGroup;
			children = (
				FA173ABD23AB7F8500F6E73C /* SegmentedControl.app */,
			);
			name = Products;
			sourceTree = "<group>";
		};
		FA173ABF23AB7F8500F6E73C /* SegmentedControl */ = {
			isa = PBXGroup;
			children = (
				FA173AC023AB7F8500F6E73C /* AppDelegate.swift */,
				FA173AC223AB7F8500F6E73C /* SceneDelegate.swift */,
				FA173AC423AB7F8500F6E73C /* ContentView.swift */,
				FAFBC1E223ABC22A00D534A7 /* Histogram.swift */,
				FA173AC623AB7F8800F6E73C /* Assets.xcassets */,
				FA173ACB23AB7F8800F6E73C /* LaunchScreen.storyboard */,
				FA173ACE23AB7F8800F6E73C /* Info.plist */,
				FA173AC823AB7F8800F6E73C /* Preview Content */,
			);
			path = SegmentedControl;
			sourceTree = "<group>";
		};
		FA173AC823AB7F8800F6E73C /* Preview Content */ = {
			isa = PBXGroup;
			children = (
				FA173AC923AB7F8800F6E73C /* Preview Assets.xcassets */,
			);
			path = "Preview Content";
			sourceTree = "<group>";
		};
/* End PBXGroup section */

/* Begin PBXNativeTarget section */
		FA173ABC23AB7F8500F6E73C /* SegmentedControl */ = {
			isa = PBXNativeTarget;
			buildConfigurationList = FA173AD123AB7F8800F6E73C /* Build configuration list for PBXNativeTarget "SegmentedControl" */;
			buildPhases = (
				FA173AB923AB7F8500F6E73C /* Sources */,
				FA173ABA23AB7F8500F6E73C /* Frameworks */,
				FA173ABB23AB7F8500F6E73C /* Resources */,
			);
			buildRules = (
			);
			dependencies = (
			);
			name = SegmentedControl;
			packageProductDependencies = (
				E658694723B3C7E000F440F9 /* GitHubAPIClient */,
				E658694A23B3C80100F440F9 /* NewsAPIClient */,
			);
			productName = SegmentedControl;
			productReference = FA173ABD23AB7F8500F6E73C /* SegmentedControl.app */;
			productType = "com.apple.product-type.application";
		};
/* End PBXNativeTarget section */

/* Begin PBXProject section */
		FA173AB523AB7F8500F6E73C /* Project object */ = {
			isa = PBXProject;
			attributes = {
				LastSwiftUpdateCheck = 1130;
				LastUpgradeCheck = 1130;
				ORGANIZATIONNAME = exey;
				TargetAttributes = {
					FA173ABC23AB7F8500F6E73C = {
						CreatedOnToolsVersion = 11.3;
					};
				};
			};
			buildConfigurationList = FA173AB823AB7F8500F6E73C /* Build configuration list for PBXProject "SegmentedControl" */;
			compatibilityVersion = "Xcode 9.3";
			developmentRegion = en;
			hasScannedForEncodings = 0;
			knownRegions = (
				en,
				Base,
			);
			mainGroup = FA173AB423AB7F8500F6E73C;
			packageReferences = (
				E658694623B3C7E000F440F9 /* XCRemoteSwiftPackageReference "Edu-Otus-GitHubAPI" */,
				E658694923B3C80100F440F9 /* XCRemoteSwiftPackageReference "Edu-Otus-NewsAPI" */,
			);
			productRefGroup = FA173ABE23AB7F8500F6E73C /* Products */;
			projectDirPath = "";
			projectRoot = "";
			targets = (
				FA173ABC23AB7F8500F6E73C /* SegmentedControl */,
			);
		};
/* End PBXProject section */

/* Begin PBXResourcesBuildPhase section */
		FA173ABB23AB7F8500F6E73C /* Resources */ = {
			isa = PBXResourcesBuildPhase;
			buildActionMask = 2147483647;
			files = (
				FA173ACD23AB7F8800F6E73C /* LaunchScreen.storyboard in Resources */,
				FA173ACA23AB7F8800F6E73C /* Preview Assets.xcassets in Resources */,
				FA173AC723AB7F8800F6E73C /* Assets.xcassets in Resources */,
			);
			runOnlyForDeploymentPostprocessing = 0;
		};
/* End PBXResourcesBuildPhase section */

/* Begin PBXSourcesBuildPhase section */
		FA173AB923AB7F8500F6E73C /* Sources */ = {
			isa = PBXSourcesBuildPhase;
			buildActionMask = 2147483647;
			files = (
				FAFBC1E323ABC22A00D534A7 /* Histogram.swift in Sources */,
				FA173AC123AB7F8500F6E73C /* AppDelegate.swift in Sources */,
				FA173AC323AB7F8500F6E73C /* SceneDelegate.swift in Sources */,
				FA173AC523AB7F8500F6E73C /* ContentView.swift in Sources */,
			);
			runOnlyForDeploymentPostprocessing = 0;
		};
/* End PBXSourcesBuildPhase section */

/* Begin PBXVariantGroup section */
		FA173ACB23AB7F8800F6E73C /* LaunchScreen.storyboard */ = {
			isa = PBXVariantGroup;
			children = (
				FA173ACC23AB7F8800F6E73C /* Base */,
			);
			name = LaunchScreen.storyboard;
			sourceTree = "<group>";
		};
/* End PBXVariantGroup section */

/* Begin XCBuildConfiguration section */
		FA173ACF23AB7F8800F6E73C /* Debug */ = {
			isa = XCBuildConfiguration;
			buildSettings = {
				ALWAYS_SEARCH_USER_PATHS = NO;
				CLANG_ANALYZER_NONNULL = YES;
				CLANG_ANALYZER_NUMBER_OBJECT_CONVERSION = YES_AGGRESSIVE;
				CLANG_CXX_LANGUAGE_STANDARD = "gnu++14";
				CLANG_CXX_LIBRARY = "libc++";
				CLANG_ENABLE_MODULES = YES;
				CLANG_ENABLE_OBJC_ARC = YES;
				CLANG_ENABLE_OBJC_WEAK = YES;
				CLANG_WARN_BLOCK_CAPTURE_AUTORELEASING = YES;
				CLANG_WARN_BOOL_CONVERSION = YES;
				CLANG_WARN_COMMA = YES;
				CLANG_WARN_CONSTANT_CONVERSION = YES;
				CLANG_WARN_DEPRECATED_OBJC_IMPLEMENTATIONS = YES;
				CLANG_WARN_DIRECT_OBJC_ISA_USAGE = YES_ERROR;
				CLANG_WARN_DOCUMENTATION_COMMENTS = YES;
				CLANG_WARN_EMPTY_BODY = YES;
				CLANG_WARN_ENUM_CONVERSION = YES;
				CLANG_WARN_INFINITE_RECURSION = YES;
				CLANG_WARN_INT_CONVERSION = YES;
				CLANG_WARN_NON_LITERAL_NULL_CONVERSION = YES;
				CLANG_WARN_OBJC_IMPLICIT_RETAIN_SELF = YES;
				CLANG_WARN_OBJC_LITERAL_CONVERSION = YES;
				CLANG_WARN_OBJC_ROOT_CLASS = YES_ERROR;
				CLANG_WARN_RANGE_LOOP_ANALYSIS = YES;
				CLANG_WARN_STRICT_PROTOTYPES = YES;
				CLANG_WARN_SUSPICIOUS_MOVE = YES;
				CLANG_WARN_UNGUARDED_AVAILABILITY = YES_AGGRESSIVE;
				CLANG_WARN_UNREACHABLE_CODE = YES;
				CLANG_WARN__DUPLICATE_METHOD_MATCH = YES;
				COPY_PHASE_STRIP = NO;
				DEBUG_INFORMATION_FORMAT = dwarf;
				ENABLE_STRICT_OBJC_MSGSEND = YES;
				ENABLE_TESTABILITY = YES;
				GCC_C_LANGUAGE_STANDARD = gnu11;
				GCC_DYNAMIC_NO_PIC = NO;
				GCC_NO_COMMON_BLOCKS = YES;
				GCC_OPTIMIZATION_LEVEL = 0;
				GCC_PREPROCESSOR_DEFINITIONS = (
					"DEBUG=1",
					"$(inherited)",
				);
				GCC_WARN_64_TO_32_BIT_CONVERSION = YES;
				GCC_WARN_ABOUT_RETURN_TYPE = YES_ERROR;
				GCC_WARN_UNDECLARED_SELECTOR = YES;
				GCC_WARN_UNINITIALIZED_AUTOS = YES_AGGRESSIVE;
				GCC_WARN_UNUSED_FUNCTION = YES;
				GCC_WARN_UNUSED_VARIABLE = YES;
				IPHONEOS_DEPLOYMENT_TARGET = 13.2;
				MTL_ENABLE_DEBUG_INFO = INCLUDE_SOURCE;
				MTL_FAST_MATH = YES;
				ONLY_ACTIVE_ARCH = YES;
				SDKROOT = iphoneos;
				SWIFT_ACTIVE_COMPILATION_CONDITIONS = DEBUG;
				SWIFT_OPTIMIZATION_LEVEL = "-Onone";
			};
			name = Debug;
		};
		FA173AD023AB7F8800F6E73C /* Release */ = {
			isa = XCBuildConfiguration;
			buildSettings = {
				ALWAYS_SEARCH_USER_PATHS = NO;
				CLANG_ANALYZER_NONNULL = YES;
				CLANG_ANALYZER_NUMBER_OBJECT_CONVERSION = YES_AGGRESSIVE;
				CLANG_CXX_LANGUAGE_STANDARD = "gnu++14";
				CLANG_CXX_LIBRARY = "libc++";
				CLANG_ENABLE_MODULES = YES;
				CLANG_ENABLE_OBJC_ARC = YES;
				CLANG_ENABLE_OBJC_WEAK = YES;
				CLANG_WARN_BLOCK_CAPTURE_AUTORELEASING = YES;
				CLANG_WARN_BOOL_CONVERSION = YES;
				CLANG_WARN_COMMA = YES;
				CLANG_WARN_CONSTANT_CONVERSION = YES;
				CLANG_WARN_DEPRECATED_OBJC_IMPLEMENTATIONS = YES;
				CLANG_WARN_DIRECT_OBJC_ISA_USAGE = YES_ERROR;
				CLANG_WARN_DOCUMENTATION_COMMENTS = YES;
				CLANG_WARN_EMPTY_BODY = YES;
				CLANG_WARN_ENUM_CONVERSION = YES;
				CLANG_WARN_INFINITE_RECURSION = YES;
				CLANG_WARN_INT_CONVERSION = YES;
				CLANG_WARN_NON_LITERAL_NULL_CONVERSION = YES;
				CLANG_WARN_OBJC_IMPLICIT_RETAIN_SELF = YES;
				CLANG_WARN_OBJC_LITERAL_CONVERSION = YES;
				CLANG_WARN_OBJC_ROOT_CLASS = YES_ERROR;
				CLANG_WARN_RANGE_LOOP_ANALYSIS = YES;
				CLANG_WARN_STRICT_PROTOTYPES = YES;
				CLANG_WARN_SUSPICIOUS_MOVE = YES;
				CLANG_WARN_UNGUARDED_AVAILABILITY = YES_AGGRESSIVE;
				CLANG_WARN_UNREACHABLE_CODE = YES;
				CLANG_WARN__DUPLICATE_METHOD_MATCH = YES;
				COPY_PHASE_STRIP = NO;
				DEBUG_INFORMATION_FORMAT = "dwarf-with-dsym";
				ENABLE_NS_ASSERTIONS = NO;
				ENABLE_STRICT_OBJC_MSGSEND = YES;
				GCC_C_LANGUAGE_STANDARD = gnu11;
				GCC_NO_COMMON_BLOCKS = YES;
				GCC_WARN_64_TO_32_BIT_CONVERSION = YES;
				GCC_WARN_ABOUT_RETURN_TYPE = YES_ERROR;
				GCC_WARN_UNDECLARED_SELECTOR = YES;
				GCC_WARN_UNINITIALIZED_AUTOS = YES_AGGRESSIVE;
				GCC_WARN_UNUSED_FUNCTION = YES;
				GCC_WARN_UNUSED_VARIABLE = YES;
				IPHONEOS_DEPLOYMENT_TARGET = 13.2;
				MTL_ENABLE_DEBUG_INFO = NO;
				MTL_FAST_MATH = YES;
				SDKROOT = iphoneos;
				SWIFT_COMPILATION_MODE = wholemodule;
				SWIFT_OPTIMIZATION_LEVEL = "-O";
				VALIDATE_PRODUCT = YES;
			};
			name = Release;
		};
		FA173AD223AB7F8800F6E73C /* Debug */ = {
			isa = XCBuildConfiguration;
			buildSettings = {
				ASSETCATALOG_COMPILER_APPICON_NAME = AppIcon;
				CODE_SIGN_STYLE = Automatic;
				DEVELOPMENT_ASSET_PATHS = "\"SegmentedControl/Preview Content\"";
				DEVELOPMENT_TEAM = J4GES9GRUE;
				ENABLE_PREVIEWS = YES;
				INFOPLIST_FILE = SegmentedControl/Info.plist;
				LD_RUNPATH_SEARCH_PATHS = (
					"$(inherited)",
					"@executable_path/Frameworks",
				);
				PRODUCT_BUNDLE_IDENTIFIER = exey.SegmentedControl;
				PRODUCT_NAME = "$(TARGET_NAME)";
				SWIFT_VERSION = 5.0;
				TARGETED_DEVICE_FAMILY = "1,2";
			};
			name = Debug;
		};
		FA173AD323AB7F8800F6E73C /* Release */ = {
			isa = XCBuildConfiguration;
			buildSettings = {
				ASSETCATALOG_COMPILER_APPICON_NAME = AppIcon;
				CODE_SIGN_STYLE = Automatic;
				DEVELOPMENT_ASSET_PATHS = "\"SegmentedControl/Preview Content\"";
				DEVELOPMENT_TEAM = J4GES9GRUE;
				ENABLE_PREVIEWS = YES;
				INFOPLIST_FILE = SegmentedControl/Info.plist;
				LD_RUNPATH_SEARCH_PATHS = (
					"$(inherited)",
					"@executable_path/Frameworks",
				);
				PRODUCT_BUNDLE_IDENTIFIER = exey.SegmentedControl;
				PRODUCT_NAME = "$(TARGET_NAME)";
				SWIFT_VERSION = 5.0;
				TARGETED_DEVICE_FAMILY = "1,2";
			};
			name = Release;
		};
/* End XCBuildConfiguration section */

/* Begin XCConfigurationList section */
		FA173AB823AB7F8500F6E73C /* Build configuration list for PBXProject "SegmentedControl" */ = {
			isa = XCConfigurationList;
			buildConfigurations = (
				FA173ACF23AB7F8800F6E73C /* Debug */,
				FA173AD023AB7F8800F6E73C /* Release */,
			);
			defaultConfigurationIsVisible = 0;
			defaultConfigurationName = Release;
		};
		FA173AD123AB7F8800F6E73C /* Build configuration list for PBXNativeTarget "SegmentedControl" */ = {
			isa = XCConfigurationList;
			buildConfigurations = (
				FA173AD223AB7F8800F6E73C /* Debug */,
				FA173AD323AB7F8800F6E73C /* Release */,
			);
			defaultConfigurationIsVisible = 0;
			defaultConfigurationName = Release;
		};
/* End XCConfigurationList section */

/* Begin XCRemoteSwiftPackageReference section */
		E658694623B3C7E000F440F9 /* XCRemoteSwiftPackageReference "Edu-Otus-GitHubAPI" */ = {
			isa = XCRemoteSwiftPackageReference;
			repositoryURL = "https://github.com/henadark/Edu-Otus-GitHubAPI";
			requirement = {
				kind = upToNextMajorVersion;
				minimumVersion = 1.0.0;
			};
		};
		E658694923B3C80100F440F9 /* XCRemoteSwiftPackageReference "Edu-Otus-NewsAPI" */ = {
			isa = XCRemoteSwiftPackageReference;
			repositoryURL = "https://github.com/henadark/Edu-Otus-NewsAPI";
			requirement = {
				kind = upToNextMajorVersion;
				minimumVersion = 1.0.0;
			};
		};
/* End XCRemoteSwiftPackageReference section */

/* Begin XCSwiftPackageProductDependency section */
		E658694723B3C7E000F440F9 /* GitHubAPIClient */ = {
			isa = XCSwiftPackageProductDependency;
			package = E658694623B3C7E000F440F9 /* XCRemoteSwiftPackageReference "Edu-Otus-GitHubAPI" */;
			productName = GitHubAPIClient;
		};
		E658694A23B3C80100F440F9 /* NewsAPIClient */ = {
			isa = XCSwiftPackageProductDependency;
			package = E658694923B3C80100F440F9 /* XCRemoteSwiftPackageReference "Edu-Otus-NewsAPI" */;
			productName = NewsAPIClient;
		};
/* End XCSwiftPackageProductDependency section */
	};
	rootObject = FA173AB523AB7F8500F6E73C /* Project object */;
}
