// !$*UTF8*$!
{
	archiveVersion = 1;
	classes = {
	};
	objectVersion = 52;
	objects = {

/* Begin PBXBuildFile section */
		E61C4EC523DE04460079C6B9 /* CGPoint+Helper.swift in Sources */ = {isa = PBXBuildFile; fileRef = E61C4EC423DE04460079C6B9 /* CGPoint+Helper.swift */; };
		E61C4EC723DE04650079C6B9 /* Path+Helper.swift in Sources */ = {isa = PBXBuildFile; fileRef = E61C4EC623DE04650079C6B9 /* Path+Helper.swift */; };
		E61C4EC923DE08A50079C6B9 /* LineChartViewModel.swift in Sources */ = {isa = PBXBuildFile; fileRef = E61C4EC823DE08A50079C6B9 /* LineChartViewModel.swift */; };
		E61C4ECB23DE0DF50079C6B9 /* AppState.swift in Sources */ = {isa = PBXBuildFile; fileRef = E61C4ECA23DE0DF50079C6B9 /* AppState.swift */; };
		E61C4ECD23DE0E400079C6B9 /* ContentViewOverlay.swift in Sources */ = {isa = PBXBuildFile; fileRef = E61C4ECC23DE0E400079C6B9 /* ContentViewOverlay.swift */; };
		E62738A923CB539400D3A928 /* ColorParams.swift in Sources */ = {isa = PBXBuildFile; fileRef = E62738A823CB539400D3A928 /* ColorParams.swift */; };
		E62738AB23CB72E400D3A928 /* SearchAPI+Requests.swift in Sources */ = {isa = PBXBuildFile; fileRef = E62738AA23CB72E400D3A928 /* SearchAPI+Requests.swift */; };
		E62738AD23CB73E100D3A928 /* RepositoryData.swift in Sources */ = {isa = PBXBuildFile; fileRef = E62738AC23CB73E100D3A928 /* RepositoryData.swift */; };
		E62738AF23CB7B6200D3A928 /* BarChartViewModel.swift in Sources */ = {isa = PBXBuildFile; fileRef = E62738AE23CB7B6200D3A928 /* BarChartViewModel.swift */; };
		E62738B123CBA40D00D3A928 /* CGRect+Helper.swift in Sources */ = {isa = PBXBuildFile; fileRef = E62738B023CBA40D00D3A928 /* CGRect+Helper.swift */; };
		E62738B323CBAB8F00D3A928 /* BarViewModel.swift in Sources */ = {isa = PBXBuildFile; fileRef = E62738B223CBAB8F00D3A928 /* BarViewModel.swift */; };
		E62738B623CBAC3B00D3A928 /* LineChartView.swift in Sources */ = {isa = PBXBuildFile; fileRef = E62738B523CBAC3B00D3A928 /* LineChartView.swift */; };
		E62738B823CBAD7D00D3A928 /* LineView.swift in Sources */ = {isa = PBXBuildFile; fileRef = E62738B723CBAD7D00D3A928 /* LineView.swift */; };
		E62738BA23CBADA200D3A928 /* LegendView.swift in Sources */ = {isa = PBXBuildFile; fileRef = E62738B923CBADA200D3A928 /* LegendView.swift */; };
		E658694823B3C7E000F440F9 /* GitHubAPIClient in Frameworks */ = {isa = PBXBuildFile; productRef = E658694723B3C7E000F440F9 /* GitHubAPIClient */; };
		E658695123B3D19200F440F9 /* PieChartView.swift in Sources */ = {isa = PBXBuildFile; fileRef = E658695023B3D19200F440F9 /* PieChartView.swift */; };
		E65A056623B3ED77008D0448 /* NewsAPIClient in Frameworks */ = {isa = PBXBuildFile; productRef = E65A056523B3ED77008D0448 /* NewsAPIClient */; };
		E68AAF1B23C4CCB8004506A8 /* ArticlesData.swift in Sources */ = {isa = PBXBuildFile; fileRef = E68AAF1A23C4CCB8004506A8 /* ArticlesData.swift */; };
		E68AAF1D23C4CCE4004506A8 /* ArticlesAPI+Requests.swift in Sources */ = {isa = PBXBuildFile; fileRef = E68AAF1C23C4CCE4004506A8 /* ArticlesAPI+Requests.swift */; };
		E68AAF1F23C4CD15004506A8 /* String+Helper.swift in Sources */ = {isa = PBXBuildFile; fileRef = E68AAF1E23C4CD15004506A8 /* String+Helper.swift */; };
		E68AAF2123C4CD2C004506A8 /* DateFormatter+Format.swift in Sources */ = {isa = PBXBuildFile; fileRef = E68AAF2023C4CD2C004506A8 /* DateFormatter+Format.swift */; };
		E68AAF2323C4CD44004506A8 /* Date+Helper.swift in Sources */ = {isa = PBXBuildFile; fileRef = E68AAF2223C4CD44004506A8 /* Date+Helper.swift */; };
		E68AAF2523C4CD8D004506A8 /* Color+Init.swift in Sources */ = {isa = PBXBuildFile; fileRef = E68AAF2423C4CD8D004506A8 /* Color+Init.swift */; };
		E68AAF2823C4CDBF004506A8 /* ArticlesParams.swift in Sources */ = {isa = PBXBuildFile; fileRef = E68AAF2723C4CDBF004506A8 /* ArticlesParams.swift */; };
		E68AAF2B23C4CE15004506A8 /* PieSliceViewModel.swift in Sources */ = {isa = PBXBuildFile; fileRef = E68AAF2A23C4CE15004506A8 /* PieSliceViewModel.swift */; };
		E6996B5823C511BA0020562D /* BarChartView.swift in Sources */ = {isa = PBXBuildFile; fileRef = E6996B5723C511BA0020562D /* BarChartView.swift */; };
		E6996B5A23C511F50020562D /* BarView.swift in Sources */ = {isa = PBXBuildFile; fileRef = E6996B5923C511F50020562D /* BarView.swift */; };
		E6EDEE6B23BD0B4C00F0F318 /* PieSliceView.swift in Sources */ = {isa = PBXBuildFile; fileRef = E6EDEE6A23BD0B4C00F0F318 /* PieSliceView.swift */; };
		E6FA093D23C4D46300A2E66F /* PieChartViewModel.swift in Sources */ = {isa = PBXBuildFile; fileRef = E6FA093C23C4D46300A2E66F /* PieChartViewModel.swift */; };
		FA173AC123AB7F8500F6E73C /* AppDelegate.swift in Sources */ = {isa = PBXBuildFile; fileRef = FA173AC023AB7F8500F6E73C /* AppDelegate.swift */; };
		FA173AC323AB7F8500F6E73C /* SceneDelegate.swift in Sources */ = {isa = PBXBuildFile; fileRef = FA173AC223AB7F8500F6E73C /* SceneDelegate.swift */; };
		FA173AC523AB7F8500F6E73C /* ContentView.swift in Sources */ = {isa = PBXBuildFile; fileRef = FA173AC423AB7F8500F6E73C /* ContentView.swift */; };
		FA173AC723AB7F8800F6E73C /* Assets.xcassets in Resources */ = {isa = PBXBuildFile; fileRef = FA173AC623AB7F8800F6E73C /* Assets.xcassets */; };
		FA173ACA23AB7F8800F6E73C /* Preview Assets.xcassets in Resources */ = {isa = PBXBuildFile; fileRef = FA173AC923AB7F8800F6E73C /* Preview Assets.xcassets */; };
		FA173ACD23AB7F8800F6E73C /* LaunchScreen.storyboard in Resources */ = {isa = PBXBuildFile; fileRef = FA173ACB23AB7F8800F6E73C /* LaunchScreen.storyboard */; };
		FAFBC1E323ABC22A00D534A7 /* Histogram.swift in Sources */ = {isa = PBXBuildFile; fileRef = FAFBC1E223ABC22A00D534A7 /* Histogram.swift */; };
/* End PBXBuildFile section */

/* Begin PBXFileReference section */
		E61C4EC423DE04460079C6B9 /* CGPoint+Helper.swift */ = {isa = PBXFileReference; lastKnownFileType = sourcecode.swift; path = "CGPoint+Helper.swift"; sourceTree = "<group>"; };
		E61C4EC623DE04650079C6B9 /* Path+Helper.swift */ = {isa = PBXFileReference; lastKnownFileType = sourcecode.swift; path = "Path+Helper.swift"; sourceTree = "<group>"; };
		E61C4EC823DE08A50079C6B9 /* LineChartViewModel.swift */ = {isa = PBXFileReference; lastKnownFileType = sourcecode.swift; path = LineChartViewModel.swift; sourceTree = "<group>"; };
		E61C4ECA23DE0DF50079C6B9 /* AppState.swift */ = {isa = PBXFileReference; lastKnownFileType = sourcecode.swift; path = AppState.swift; sourceTree = "<group>"; };
		E61C4ECC23DE0E400079C6B9 /* ContentViewOverlay.swift */ = {isa = PBXFileReference; lastKnownFileType = sourcecode.swift; path = ContentViewOverlay.swift; sourceTree = "<group>"; };
		E62738A823CB539400D3A928 /* ColorParams.swift */ = {isa = PBXFileReference; lastKnownFileType = sourcecode.swift; path = ColorParams.swift; sourceTree = "<group>"; };
		E62738AA23CB72E400D3A928 /* SearchAPI+Requests.swift */ = {isa = PBXFileReference; lastKnownFileType = sourcecode.swift; path = "SearchAPI+Requests.swift"; sourceTree = "<group>"; };
		E62738AC23CB73E100D3A928 /* RepositoryData.swift */ = {isa = PBXFileReference; lastKnownFileType = sourcecode.swift; path = RepositoryData.swift; sourceTree = "<group>"; };
		E62738AE23CB7B6200D3A928 /* BarChartViewModel.swift */ = {isa = PBXFileReference; lastKnownFileType = sourcecode.swift; path = BarChartViewModel.swift; sourceTree = "<group>"; };
		E62738B023CBA40D00D3A928 /* CGRect+Helper.swift */ = {isa = PBXFileReference; lastKnownFileType = sourcecode.swift; path = "CGRect+Helper.swift"; sourceTree = "<group>"; };
		E62738B223CBAB8F00D3A928 /* BarViewModel.swift */ = {isa = PBXFileReference; lastKnownFileType = sourcecode.swift; path = BarViewModel.swift; sourceTree = "<group>"; };
		E62738B523CBAC3B00D3A928 /* LineChartView.swift */ = {isa = PBXFileReference; lastKnownFileType = sourcecode.swift; path = LineChartView.swift; sourceTree = "<group>"; };
		E62738B723CBAD7D00D3A928 /* LineView.swift */ = {isa = PBXFileReference; lastKnownFileType = sourcecode.swift; path = LineView.swift; sourceTree = "<group>"; };
		E62738B923CBADA200D3A928 /* LegendView.swift */ = {isa = PBXFileReference; lastKnownFileType = sourcecode.swift; path = LegendView.swift; sourceTree = "<group>"; };
		E658695023B3D19200F440F9 /* PieChartView.swift */ = {isa = PBXFileReference; lastKnownFileType = sourcecode.swift; path = PieChartView.swift; sourceTree = "<group>"; };
		E68AAF1A23C4CCB8004506A8 /* ArticlesData.swift */ = {isa = PBXFileReference; lastKnownFileType = sourcecode.swift; path = ArticlesData.swift; sourceTree = "<group>"; };
		E68AAF1C23C4CCE4004506A8 /* ArticlesAPI+Requests.swift */ = {isa = PBXFileReference; lastKnownFileType = sourcecode.swift; path = "ArticlesAPI+Requests.swift"; sourceTree = "<group>"; };
		E68AAF1E23C4CD15004506A8 /* String+Helper.swift */ = {isa = PBXFileReference; lastKnownFileType = sourcecode.swift; path = "String+Helper.swift"; sourceTree = "<group>"; };
		E68AAF2023C4CD2C004506A8 /* DateFormatter+Format.swift */ = {isa = PBXFileReference; lastKnownFileType = sourcecode.swift; path = "DateFormatter+Format.swift"; sourceTree = "<group>"; };
		E68AAF2223C4CD44004506A8 /* Date+Helper.swift */ = {isa = PBXFileReference; lastKnownFileType = sourcecode.swift; path = "Date+Helper.swift"; sourceTree = "<group>"; };
		E68AAF2423C4CD8D004506A8 /* Color+Init.swift */ = {isa = PBXFileReference; lastKnownFileType = sourcecode.swift; path = "Color+Init.swift"; sourceTree = "<group>"; };
		E68AAF2723C4CDBF004506A8 /* ArticlesParams.swift */ = {isa = PBXFileReference; lastKnownFileType = sourcecode.swift; path = ArticlesParams.swift; sourceTree = "<group>"; };
		E68AAF2A23C4CE15004506A8 /* PieSliceViewModel.swift */ = {isa = PBXFileReference; lastKnownFileType = sourcecode.swift; path = PieSliceViewModel.swift; sourceTree = "<group>"; };
		E6996B5723C511BA0020562D /* BarChartView.swift */ = {isa = PBXFileReference; lastKnownFileType = sourcecode.swift; path = BarChartView.swift; sourceTree = "<group>"; };
		E6996B5923C511F50020562D /* BarView.swift */ = {isa = PBXFileReference; lastKnownFileType = sourcecode.swift; path = BarView.swift; sourceTree = "<group>"; };
		E6EDEE6A23BD0B4C00F0F318 /* PieSliceView.swift */ = {isa = PBXFileReference; lastKnownFileType = sourcecode.swift; path = PieSliceView.swift; sourceTree = "<group>"; };
		E6FA093C23C4D46300A2E66F /* PieChartViewModel.swift */ = {isa = PBXFileReference; lastKnownFileType = sourcecode.swift; path = PieChartViewModel.swift; sourceTree = "<group>"; };
		FA173ABD23AB7F8500F6E73C /* SegmentedControl.app */ = {isa = PBXFileReference; explicitFileType = wrapper.application; includeInIndex = 0; path = SegmentedControl.app; sourceTree = BUILT_PRODUCTS_DIR; };
		FA173AC023AB7F8500F6E73C /* AppDelegate.swift */ = {isa = PBXFileReference; lastKnownFileType = sourcecode.swift; path = AppDelegate.swift; sourceTree = "<group>"; };
		FA173AC223AB7F8500F6E73C /* SceneDelegate.swift */ = {isa = PBXFileReference; lastKnownFileType = sourcecode.swift; path = SceneDelegate.swift; sourceTree = "<group>"; };
		FA173AC423AB7F8500F6E73C /* ContentView.swift */ = {isa = PBXFileReference; lastKnownFileType = sourcecode.swift; path = ContentView.swift; sourceTree = "<group>"; };
		FA173AC623AB7F8800F6E73C /* Assets.xcassets */ = {isa = PBXFileReference; lastKnownFileType = folder.assetcatalog; path = Assets.xcassets; sourceTree = "<group>"; };
		FA173AC923AB7F8800F6E73C /* Preview Assets.xcassets */ = {isa = PBXFileReference; lastKnownFileType = folder.assetcatalog; path = "Preview Assets.xcassets"; sourceTree = "<group>"; };
		FA173ACC23AB7F8800F6E73C /* Base */ = {isa = PBXFileReference; lastKnownFileType = file.storyboard; name = Base; path = Base.lproj/LaunchScreen.storyboard; sourceTree = "<group>"; };
		FA173ACE23AB7F8800F6E73C /* Info.plist */ = {isa = PBXFileReference; lastKnownFileType = text.plist.xml; path = Info.plist; sourceTree = "<group>"; };
		FAFBC1E223ABC22A00D534A7 /* Histogram.swift */ = {isa = PBXFileReference; lastKnownFileType = sourcecode.swift; path = Histogram.swift; sourceTree = "<group>"; };
/* End PBXFileReference section */

/* Begin PBXFrameworksBuildPhase section */
		FA173ABA23AB7F8500F6E73C /* Frameworks */ = {
			isa = PBXFrameworksBuildPhase;
			buildActionMask = 2147483647;
			files = (
				E658694823B3C7E000F440F9 /* GitHubAPIClient in Frameworks */,
				E65A056623B3ED77008D0448 /* NewsAPIClient in Frameworks */,
			);
			runOnlyForDeploymentPostprocessing = 0;
		};
/* End PBXFrameworksBuildPhase section */

/* Begin PBXGroup section */
		E62738B423CBABC300D3A928 /* LineChart */ = {
			isa = PBXGroup;
			children = (
				E62738B523CBAC3B00D3A928 /* LineChartView.swift */,
				E62738B723CBAD7D00D3A928 /* LineView.swift */,
				E62738B923CBADA200D3A928 /* LegendView.swift */,
				E61C4EC823DE08A50079C6B9 /* LineChartViewModel.swift */,
			);
			path = LineChart;
			sourceTree = "<group>";
		};
		E68AAF1723C4CC83004506A8 /* Extensions */ = {
			isa = PBXGroup;
			children = (
				E62738AA23CB72E400D3A928 /* SearchAPI+Requests.swift */,
				E68AAF1C23C4CCE4004506A8 /* ArticlesAPI+Requests.swift */,
				E68AAF1E23C4CD15004506A8 /* String+Helper.swift */,
				E68AAF2023C4CD2C004506A8 /* DateFormatter+Format.swift */,
				E68AAF2223C4CD44004506A8 /* Date+Helper.swift */,
				E68AAF2423C4CD8D004506A8 /* Color+Init.swift */,
				E62738B023CBA40D00D3A928 /* CGRect+Helper.swift */,
				E61C4EC423DE04460079C6B9 /* CGPoint+Helper.swift */,
				E61C4EC623DE04650079C6B9 /* Path+Helper.swift */,
			);
			path = Extensions;
			sourceTree = "<group>";
		};
		E68AAF1823C4CC8D004506A8 /* Models */ = {
			isa = PBXGroup;
			children = (
				E68AAF2623C4CDB0004506A8 /* DTO */,
				FAFBC1E223ABC22A00D534A7 /* Histogram.swift */,
				E62738A823CB539400D3A928 /* ColorParams.swift */,
				E68AAF1A23C4CCB8004506A8 /* ArticlesData.swift */,
				E62738AC23CB73E100D3A928 /* RepositoryData.swift */,
			);
			path = Models;
			sourceTree = "<group>";
		};
		E68AAF1923C4CC92004506A8 /* Views */ = {
			isa = PBXGroup;
			children = (
				E68AAF2E23C4CF28004506A8 /* Content */,
				E68AAF2D23C4CE8B004506A8 /* BarChart */,
				E68AAF2C23C4CE77004506A8 /* PieChart */,
				E62738B423CBABC300D3A928 /* LineChart */,
			);
			path = Views;
			sourceTree = "<group>";
		};
		E68AAF2623C4CDB0004506A8 /* DTO */ = {
			isa = PBXGroup;
			children = (
				E68AAF2723C4CDBF004506A8 /* ArticlesParams.swift */,
			);
			path = DTO;
			sourceTree = "<group>";
		};
		E68AAF2923C4CE03004506A8 /* PieSlice */ = {
			isa = PBXGroup;
			children = (
				E68AAF2A23C4CE15004506A8 /* PieSliceViewModel.swift */,
				E6EDEE6A23BD0B4C00F0F318 /* PieSliceView.swift */,
			);
			path = PieSlice;
			sourceTree = "<group>";
		};
		E68AAF2C23C4CE77004506A8 /* PieChart */ = {
			isa = PBXGroup;
			children = (
				E68AAF2923C4CE03004506A8 /* PieSlice */,
				E6FA093C23C4D46300A2E66F /* PieChartViewModel.swift */,
				E658695023B3D19200F440F9 /* PieChartView.swift */,
			);
			path = PieChart;
			sourceTree = "<group>";
		};
		E68AAF2D23C4CE8B004506A8 /* BarChart */ = {
			isa = PBXGroup;
			children = (
				E6996B5B23C511FB0020562D /* Bar */,
				E62738AE23CB7B6200D3A928 /* BarChartViewModel.swift */,
				E6996B5723C511BA0020562D /* BarChartView.swift */,
			);
			path = BarChart;
			sourceTree = "<group>";
		};
		E68AAF2E23C4CF28004506A8 /* Content */ = {
			isa = PBXGroup;
			children = (
				FA173AC423AB7F8500F6E73C /* ContentView.swift */,
				E61C4ECC23DE0E400079C6B9 /* ContentViewOverlay.swift */,
			);
			path = Content;
			sourceTree = "<group>";
		};
		E6996B5B23C511FB0020562D /* Bar */ = {
			isa = PBXGroup;
			children = (
				E62738B223CBAB8F00D3A928 /* BarViewModel.swift */,
				E6996B5923C511F50020562D /* BarView.swift */,
			);
			path = Bar;
			sourceTree = "<group>";
		};
		FA173AB423AB7F8500F6E73C = {
			isa = PBXGroup;
			children = (
				FA173ABF23AB7F8500F6E73C /* SegmentedControl */,
				FA173ABE23AB7F8500F6E73C /* Products */,
			);
			sourceTree = "<group>";
		};
		FA173ABE23AB7F8500F6E73C /* Products */ = {
			isa = PBXGroup;
			children = (
				FA173ABD23AB7F8500F6E73C /* SegmentedControl.app */,
			);
			name = Products;
			sourceTree = "<group>";
		};
		FA173ABF23AB7F8500F6E73C /* SegmentedControl */ = {
			isa = PBXGroup;
			children = (
				E68AAF1723C4CC83004506A8 /* Extensions */,
				E68AAF1823C4CC8D004506A8 /* Models */,
				E68AAF1923C4CC92004506A8 /* Views */,
				E61C4ECA23DE0DF50079C6B9 /* AppState.swift */,
				FA173AC023AB7F8500F6E73C /* AppDelegate.swift */,
				FA173AC223AB7F8500F6E73C /* SceneDelegate.swift */,
				FA173AC623AB7F8800F6E73C /* Assets.xcassets */,
				FA173ACB23AB7F8800F6E73C /* LaunchScreen.storyboard */,
				FA173ACE23AB7F8800F6E73C /* Info.plist */,
				FA173AC823AB7F8800F6E73C /* Preview Content */,
			);
			path = SegmentedControl;
			sourceTree = "<group>";
		};
		FA173AC823AB7F8800F6E73C /* Preview Content */ = {
			isa = PBXGroup;
			children = (
				FA173AC923AB7F8800F6E73C /* Preview Assets.xcassets */,
			);
			path = "Preview Content";
			sourceTree = "<group>";
		};
/* End PBXGroup section */

/* Begin PBXNativeTarget section */
		FA173ABC23AB7F8500F6E73C /* SegmentedControl */ = {
			isa = PBXNativeTarget;
			buildConfigurationList = FA173AD123AB7F8800F6E73C /* Build configuration list for PBXNativeTarget "SegmentedControl" */;
			buildPhases = (
				FA173AB923AB7F8500F6E73C /* Sources */,
				FA173ABA23AB7F8500F6E73C /* Frameworks */,
				FA173ABB23AB7F8500F6E73C /* Resources */,
			);
			buildRules = (
			);
			dependencies = (
			);
			name = SegmentedControl;
			packageProductDependencies = (
				E658694723B3C7E000F440F9 /* GitHubAPIClient */,
				E65A056523B3ED77008D0448 /* NewsAPIClient */,
			);
			productName = SegmentedControl;
			productReference = FA173ABD23AB7F8500F6E73C /* SegmentedControl.app */;
			productType = "com.apple.product-type.application";
		};
/* End PBXNativeTarget section */

/* Begin PBXProject section */
		FA173AB523AB7F8500F6E73C /* Project object */ = {
			isa = PBXProject;
			attributes = {
				LastSwiftUpdateCheck = 1130;
				LastUpgradeCheck = 1130;
				ORGANIZATIONNAME = exey;
				TargetAttributes = {
					FA173ABC23AB7F8500F6E73C = {
						CreatedOnToolsVersion = 11.3;
					};
				};
			};
			buildConfigurationList = FA173AB823AB7F8500F6E73C /* Build configuration list for PBXProject "SegmentedControl" */;
			compatibilityVersion = "Xcode 9.3";
			developmentRegion = en;
			hasScannedForEncodings = 0;
			knownRegions = (
				en,
				Base,
			);
			mainGroup = FA173AB423AB7F8500F6E73C;
			packageReferences = (
				E658694623B3C7E000F440F9 /* XCRemoteSwiftPackageReference "Edu-Otus-GitHubAPI" */,
				E65A056423B3ED77008D0448 /* XCRemoteSwiftPackageReference "Edu-Otus-NewsAPI" */,
			);
			productRefGroup = FA173ABE23AB7F8500F6E73C /* Products */;
			projectDirPath = "";
			projectRoot = "";
			targets = (
				FA173ABC23AB7F8500F6E73C /* SegmentedControl */,
			);
		};
/* End PBXProject section */

/* Begin PBXResourcesBuildPhase section */
		FA173ABB23AB7F8500F6E73C /* Resources */ = {
			isa = PBXResourcesBuildPhase;
			buildActionMask = 2147483647;
			files = (
				FA173ACD23AB7F8800F6E73C /* LaunchScreen.storyboard in Resources */,
				FA173ACA23AB7F8800F6E73C /* Preview Assets.xcassets in Resources */,
				FA173AC723AB7F8800F6E73C /* Assets.xcassets in Resources */,
			);
			runOnlyForDeploymentPostprocessing = 0;
		};
/* End PBXResourcesBuildPhase section */

/* Begin PBXSourcesBuildPhase section */
		FA173AB923AB7F8500F6E73C /* Sources */ = {
			isa = PBXSourcesBuildPhase;
			buildActionMask = 2147483647;
			files = (
				E68AAF2123C4CD2C004506A8 /* DateFormatter+Format.swift in Sources */,
				E62738AD23CB73E100D3A928 /* RepositoryData.swift in Sources */,
				FAFBC1E323ABC22A00D534A7 /* Histogram.swift in Sources */,
				E62738AF23CB7B6200D3A928 /* BarChartViewModel.swift in Sources */,
				E62738B823CBAD7D00D3A928 /* LineView.swift in Sources */,
				E658695123B3D19200F440F9 /* PieChartView.swift in Sources */,
				E62738AB23CB72E400D3A928 /* SearchAPI+Requests.swift in Sources */,
				E6EDEE6B23BD0B4C00F0F318 /* PieSliceView.swift in Sources */,
				E6996B5A23C511F50020562D /* BarView.swift in Sources */,
				E61C4EC923DE08A50079C6B9 /* LineChartViewModel.swift in Sources */,
				E62738B323CBAB8F00D3A928 /* BarViewModel.swift in Sources */,
				FA173AC123AB7F8500F6E73C /* AppDelegate.swift in Sources */,
				E68AAF1D23C4CCE4004506A8 /* ArticlesAPI+Requests.swift in Sources */,
				E62738B623CBAC3B00D3A928 /* LineChartView.swift in Sources */,
				FA173AC323AB7F8500F6E73C /* SceneDelegate.swift in Sources */,
				E68AAF1F23C4CD15004506A8 /* String+Helper.swift in Sources */,
				E68AAF2823C4CDBF004506A8 /* ArticlesParams.swift in Sources */,
				E62738BA23CBADA200D3A928 /* LegendView.swift in Sources */,
				FA173AC523AB7F8500F6E73C /* ContentView.swift in Sources */,
				E68AAF2523C4CD8D004506A8 /* Color+Init.swift in Sources */,
				E61C4EC723DE04650079C6B9 /* Path+Helper.swift in Sources */,
				E61C4ECD23DE0E400079C6B9 /* ContentViewOverlay.swift in Sources */,
				E61C4ECB23DE0DF50079C6B9 /* AppState.swift in Sources */,
				E68AAF2B23C4CE15004506A8 /* PieSliceViewModel.swift in Sources */,
				E62738A923CB539400D3A928 /* ColorParams.swift in Sources */,
				E6996B5823C511BA0020562D /* BarChartView.swift in Sources */,
				E68AAF2323C4CD44004506A8 /* Date+Helper.swift in Sources */,
				E61C4EC523DE04460079C6B9 /* CGPoint+Helper.swift in Sources */,
				E68AAF1B23C4CCB8004506A8 /* ArticlesData.swift in Sources */,
				E6FA093D23C4D46300A2E66F /* PieChartViewModel.swift in Sources */,
				E62738B123CBA40D00D3A928 /* CGRect+Helper.swift in Sources */,
			);
			runOnlyForDeploymentPostprocessing = 0;
		};
/* End PBXSourcesBuildPhase section */

/* Begin PBXVariantGroup section */
		FA173ACB23AB7F8800F6E73C /* LaunchScreen.storyboard */ = {
			isa = PBXVariantGroup;
			children = (
				FA173ACC23AB7F8800F6E73C /* Base */,
			);
			name = LaunchScreen.storyboard;
			sourceTree = "<group>";
		};
/* End PBXVariantGroup section */

/* Begin XCBuildConfiguration section */
		FA173ACF23AB7F8800F6E73C /* Debug */ = {
			isa = XCBuildConfiguration;
			buildSettings = {
				ALWAYS_SEARCH_USER_PATHS = NO;
				CLANG_ANALYZER_NONNULL = YES;
				CLANG_ANALYZER_NUMBER_OBJECT_CONVERSION = YES_AGGRESSIVE;
				CLANG_CXX_LANGUAGE_STANDARD = "gnu++14";
				CLANG_CXX_LIBRARY = "libc++";
				CLANG_ENABLE_MODULES = YES;
				CLANG_ENABLE_OBJC_ARC = YES;
				CLANG_ENABLE_OBJC_WEAK = YES;
				CLANG_WARN_BLOCK_CAPTURE_AUTORELEASING = YES;
				CLANG_WARN_BOOL_CONVERSION = YES;
				CLANG_WARN_COMMA = YES;
				CLANG_WARN_CONSTANT_CONVERSION = YES;
				CLANG_WARN_DEPRECATED_OBJC_IMPLEMENTATIONS = YES;
				CLANG_WARN_DIRECT_OBJC_ISA_USAGE = YES_ERROR;
				CLANG_WARN_DOCUMENTATION_COMMENTS = YES;
				CLANG_WARN_EMPTY_BODY = YES;
				CLANG_WARN_ENUM_CONVERSION = YES;
				CLANG_WARN_INFINITE_RECURSION = YES;
				CLANG_WARN_INT_CONVERSION = YES;
				CLANG_WARN_NON_LITERAL_NULL_CONVERSION = YES;
				CLANG_WARN_OBJC_IMPLICIT_RETAIN_SELF = YES;
				CLANG_WARN_OBJC_LITERAL_CONVERSION = YES;
				CLANG_WARN_OBJC_ROOT_CLASS = YES_ERROR;
				CLANG_WARN_RANGE_LOOP_ANALYSIS = YES;
				CLANG_WARN_STRICT_PROTOTYPES = YES;
				CLANG_WARN_SUSPICIOUS_MOVE = YES;
				CLANG_WARN_UNGUARDED_AVAILABILITY = YES_AGGRESSIVE;
				CLANG_WARN_UNREACHABLE_CODE = YES;
				CLANG_WARN__DUPLICATE_METHOD_MATCH = YES;
				COPY_PHASE_STRIP = NO;
				DEBUG_INFORMATION_FORMAT = dwarf;
				ENABLE_STRICT_OBJC_MSGSEND = YES;
				ENABLE_TESTABILITY = YES;
				GCC_C_LANGUAGE_STANDARD = gnu11;
				GCC_DYNAMIC_NO_PIC = NO;
				GCC_NO_COMMON_BLOCKS = YES;
				GCC_OPTIMIZATION_LEVEL = 0;
				GCC_PREPROCESSOR_DEFINITIONS = (
					"DEBUG=1",
					"$(inherited)",
				);
				GCC_WARN_64_TO_32_BIT_CONVERSION = YES;
				GCC_WARN_ABOUT_RETURN_TYPE = YES_ERROR;
				GCC_WARN_UNDECLARED_SELECTOR = YES;
				GCC_WARN_UNINITIALIZED_AUTOS = YES_AGGRESSIVE;
				GCC_WARN_UNUSED_FUNCTION = YES;
				GCC_WARN_UNUSED_VARIABLE = YES;
				IPHONEOS_DEPLOYMENT_TARGET = 13.2;
				MTL_ENABLE_DEBUG_INFO = INCLUDE_SOURCE;
				MTL_FAST_MATH = YES;
				ONLY_ACTIVE_ARCH = YES;
				SDKROOT = iphoneos;
				SWIFT_ACTIVE_COMPILATION_CONDITIONS = DEBUG;
				SWIFT_OPTIMIZATION_LEVEL = "-Onone";
			};
			name = Debug;
		};
		FA173AD023AB7F8800F6E73C /* Release */ = {
			isa = XCBuildConfiguration;
			buildSettings = {
				ALWAYS_SEARCH_USER_PATHS = NO;
				CLANG_ANALYZER_NONNULL = YES;
				CLANG_ANALYZER_NUMBER_OBJECT_CONVERSION = YES_AGGRESSIVE;
				CLANG_CXX_LANGUAGE_STANDARD = "gnu++14";
				CLANG_CXX_LIBRARY = "libc++";
				CLANG_ENABLE_MODULES = YES;
				CLANG_ENABLE_OBJC_ARC = YES;
				CLANG_ENABLE_OBJC_WEAK = YES;
				CLANG_WARN_BLOCK_CAPTURE_AUTORELEASING = YES;
				CLANG_WARN_BOOL_CONVERSION = YES;
				CLANG_WARN_COMMA = YES;
				CLANG_WARN_CONSTANT_CONVERSION = YES;
				CLANG_WARN_DEPRECATED_OBJC_IMPLEMENTATIONS = YES;
				CLANG_WARN_DIRECT_OBJC_ISA_USAGE = YES_ERROR;
				CLANG_WARN_DOCUMENTATION_COMMENTS = YES;
				CLANG_WARN_EMPTY_BODY = YES;
				CLANG_WARN_ENUM_CONVERSION = YES;
				CLANG_WARN_INFINITE_RECURSION = YES;
				CLANG_WARN_INT_CONVERSION = YES;
				CLANG_WARN_NON_LITERAL_NULL_CONVERSION = YES;
				CLANG_WARN_OBJC_IMPLICIT_RETAIN_SELF = YES;
				CLANG_WARN_OBJC_LITERAL_CONVERSION = YES;
				CLANG_WARN_OBJC_ROOT_CLASS = YES_ERROR;
				CLANG_WARN_RANGE_LOOP_ANALYSIS = YES;
				CLANG_WARN_STRICT_PROTOTYPES = YES;
				CLANG_WARN_SUSPICIOUS_MOVE = YES;
				CLANG_WARN_UNGUARDED_AVAILABILITY = YES_AGGRESSIVE;
				CLANG_WARN_UNREACHABLE_CODE = YES;
				CLANG_WARN__DUPLICATE_METHOD_MATCH = YES;
				COPY_PHASE_STRIP = NO;
				DEBUG_INFORMATION_FORMAT = "dwarf-with-dsym";
				ENABLE_NS_ASSERTIONS = NO;
				ENABLE_STRICT_OBJC_MSGSEND = YES;
				GCC_C_LANGUAGE_STANDARD = gnu11;
				GCC_NO_COMMON_BLOCKS = YES;
				GCC_WARN_64_TO_32_BIT_CONVERSION = YES;
				GCC_WARN_ABOUT_RETURN_TYPE = YES_ERROR;
				GCC_WARN_UNDECLARED_SELECTOR = YES;
				GCC_WARN_UNINITIALIZED_AUTOS = YES_AGGRESSIVE;
				GCC_WARN_UNUSED_FUNCTION = YES;
				GCC_WARN_UNUSED_VARIABLE = YES;
				IPHONEOS_DEPLOYMENT_TARGET = 13.2;
				MTL_ENABLE_DEBUG_INFO = NO;
				MTL_FAST_MATH = YES;
				SDKROOT = iphoneos;
				SWIFT_COMPILATION_MODE = wholemodule;
				SWIFT_OPTIMIZATION_LEVEL = "-O";
				VALIDATE_PRODUCT = YES;
			};
			name = Release;
		};
		FA173AD223AB7F8800F6E73C /* Debug */ = {
			isa = XCBuildConfiguration;
			buildSettings = {
				ASSETCATALOG_COMPILER_APPICON_NAME = AppIcon;
				CODE_SIGN_STYLE = Automatic;
				DEVELOPMENT_ASSET_PATHS = "\"SegmentedControl/Preview Content\"";
				DEVELOPMENT_TEAM = J4GES9GRUE;
				ENABLE_PREVIEWS = YES;
				INFOPLIST_FILE = SegmentedControl/Info.plist;
				LD_RUNPATH_SEARCH_PATHS = (
					"$(inherited)",
					"@executable_path/Frameworks",
				);
				PRODUCT_BUNDLE_IDENTIFIER = exey.SegmentedControl;
				PRODUCT_NAME = "$(TARGET_NAME)";
				SWIFT_VERSION = 5.0;
				TARGETED_DEVICE_FAMILY = "1,2";
			};
			name = Debug;
		};
		FA173AD323AB7F8800F6E73C /* Release */ = {
			isa = XCBuildConfiguration;
			buildSettings = {
				ASSETCATALOG_COMPILER_APPICON_NAME = AppIcon;
				CODE_SIGN_STYLE = Automatic;
				DEVELOPMENT_ASSET_PATHS = "\"SegmentedControl/Preview Content\"";
				DEVELOPMENT_TEAM = J4GES9GRUE;
				ENABLE_PREVIEWS = YES;
				INFOPLIST_FILE = SegmentedControl/Info.plist;
				LD_RUNPATH_SEARCH_PATHS = (
					"$(inherited)",
					"@executable_path/Frameworks",
				);
				PRODUCT_BUNDLE_IDENTIFIER = exey.SegmentedControl;
				PRODUCT_NAME = "$(TARGET_NAME)";
				SWIFT_VERSION = 5.0;
				TARGETED_DEVICE_FAMILY = "1,2";
			};
			name = Release;
		};
/* End XCBuildConfiguration section */

/* Begin XCConfigurationList section */
		FA173AB823AB7F8500F6E73C /* Build configuration list for PBXProject "SegmentedControl" */ = {
			isa = XCConfigurationList;
			buildConfigurations = (
				FA173ACF23AB7F8800F6E73C /* Debug */,
				FA173AD023AB7F8800F6E73C /* Release */,
			);
			defaultConfigurationIsVisible = 0;
			defaultConfigurationName = Release;
		};
		FA173AD123AB7F8800F6E73C /* Build configuration list for PBXNativeTarget "SegmentedControl" */ = {
			isa = XCConfigurationList;
			buildConfigurations = (
				FA173AD223AB7F8800F6E73C /* Debug */,
				FA173AD323AB7F8800F6E73C /* Release */,
			);
			defaultConfigurationIsVisible = 0;
			defaultConfigurationName = Release;
		};
/* End XCConfigurationList section */

/* Begin XCRemoteSwiftPackageReference section */
		E658694623B3C7E000F440F9 /* XCRemoteSwiftPackageReference "Edu-Otus-GitHubAPI" */ = {
			isa = XCRemoteSwiftPackageReference;
			repositoryURL = "https://github.com/henadark/Edu-Otus-GitHubAPI";
			requirement = {
				kind = upToNextMajorVersion;
				minimumVersion = 1.0.0;
			};
		};
		E65A056423B3ED77008D0448 /* XCRemoteSwiftPackageReference "Edu-Otus-NewsAPI" */ = {
			isa = XCRemoteSwiftPackageReference;
			repositoryURL = "https://github.com/henadark/Edu-Otus-NewsAPI";
			requirement = {
				kind = upToNextMajorVersion;
				minimumVersion = 1.0.0;
			};
		};
/* End XCRemoteSwiftPackageReference section */

/* Begin XCSwiftPackageProductDependency section */
		E658694723B3C7E000F440F9 /* GitHubAPIClient */ = {
			isa = XCSwiftPackageProductDependency;
			package = E658694623B3C7E000F440F9 /* XCRemoteSwiftPackageReference "Edu-Otus-GitHubAPI" */;
			productName = GitHubAPIClient;
		};
		E65A056523B3ED77008D0448 /* NewsAPIClient */ = {
			isa = XCSwiftPackageProductDependency;
			package = E65A056423B3ED77008D0448 /* XCRemoteSwiftPackageReference "Edu-Otus-NewsAPI" */;
			productName = NewsAPIClient;
		};
/* End XCSwiftPackageProductDependency section */
	};
	rootObject = FA173AB523AB7F8500F6E73C /* Project object */;
}
